// !$*UTF8*$!
{
	archiveVersion = 1;
	classes = {
	};
	objectVersion = 46;
	objects = {

/* Begin PBXBuildFile section */
		C70A0048185676580093D8E0 /* Portal.m in Sources */ = {isa = PBXBuildFile; fileRef = C70A0047185676580093D8E0 /* Portal.m */; };
		C70A00661856766C0093D8E0 /* Color+Create.m in Sources */ = {isa = PBXBuildFile; fileRef = C70A00651856766C0093D8E0 /* Color+Create.m */; };
		C70A006918567F870093D8E0 /* Portal+Create.m in Sources */ = {isa = PBXBuildFile; fileRef = C70A006818567F870093D8E0 /* Portal+Create.m */; };
		C70A006C185684DD0093D8E0 /* Wall.m in Sources */ = {isa = PBXBuildFile; fileRef = C70A006B185684DD0093D8E0 /* Wall.m */; };
		C70A006F185684DE0093D8E0 /* Item.m in Sources */ = {isa = PBXBuildFile; fileRef = C70A006E185684DE0093D8E0 /* Item.m */; };
		C70A0072185684DE0093D8E0 /* Savegame.m in Sources */ = {isa = PBXBuildFile; fileRef = C70A0071185684DE0093D8E0 /* Savegame.m */; };
		C70A0075185684DE0093D8E0 /* PortalInstance.m in Sources */ = {isa = PBXBuildFile; fileRef = C70A0074185684DE0093D8E0 /* PortalInstance.m */; };
		C70A0078185684DE0093D8E0 /* Player.m in Sources */ = {isa = PBXBuildFile; fileRef = C70A0077185684DE0093D8E0 /* Player.m */; };
		C70A007B185684DE0093D8E0 /* PortalTemplate.m in Sources */ = {isa = PBXBuildFile; fileRef = C70A007A185684DE0093D8E0 /* PortalTemplate.m */; };
		C70A007E185684DE0093D8E0 /* LevelInstance.m in Sources */ = {isa = PBXBuildFile; fileRef = C70A007D185684DE0093D8E0 /* LevelInstance.m */; };
		C70A0081185684DE0093D8E0 /* SpatialEntity.m in Sources */ = {isa = PBXBuildFile; fileRef = C70A0080185684DE0093D8E0 /* SpatialEntity.m */; };
		C70A0084185684DE0093D8E0 /* Being.m in Sources */ = {isa = PBXBuildFile; fileRef = C70A0083185684DE0093D8E0 /* Being.m */; };
		C70A0087185684DE0093D8E0 /* Color.m in Sources */ = {isa = PBXBuildFile; fileRef = C70A0086185684DE0093D8E0 /* Color.m */; };
		C70A008A185684DE0093D8E0 /* LevelTemplate.m in Sources */ = {isa = PBXBuildFile; fileRef = C70A0089185684DE0093D8E0 /* LevelTemplate.m */; };
		C70A008D185684F80093D8E0 /* PortalInstance+Create.m in Sources */ = {isa = PBXBuildFile; fileRef = C70A008C185684F80093D8E0 /* PortalInstance+Create.m */; };
		C70A75CF18467FE4005F3680 /* SaveStructure.xcdatamodeld in Sources */ = {isa = PBXBuildFile; fileRef = C70A75CD18467FE4005F3680 /* SaveStructure.xcdatamodeld */; };
		C70A75ED18468F18005F3680 /* DatabaseManager.m in Sources */ = {isa = PBXBuildFile; fileRef = C70A75EC18468F18005F3680 /* DatabaseManager.m */; };
		C70A75F318469EAB005F3680 /* LevelTemplate+Create.m in Sources */ = {isa = PBXBuildFile; fileRef = C70A75F218469EAB005F3680 /* LevelTemplate+Create.m */; };
		C70A75F91846A731005F3680 /* BeingNode.m in Sources */ = {isa = PBXBuildFile; fileRef = C70A75F81846A731005F3680 /* BeingNode.m */; };
		C70A75FC1846B016005F3680 /* LevelInstance+Create.m in Sources */ = {isa = PBXBuildFile; fileRef = C70A75FB1846B016005F3680 /* LevelInstance+Create.m */; };
		C70A75FF1846B2D7005F3680 /* SpatialEntity+Create.m in Sources */ = {isa = PBXBuildFile; fileRef = C70A75FE1846B2D7005F3680 /* SpatialEntity+Create.m */; };
		C70A76021846B399005F3680 /* Being+Create.m in Sources */ = {isa = PBXBuildFile; fileRef = C70A76011846B399005F3680 /* Being+Create.m */; };
		C70A76051846B5F5005F3680 /* Player+Create.m in Sources */ = {isa = PBXBuildFile; fileRef = C70A76041846B5F5005F3680 /* Player+Create.m */; };
		C710314A18382B3200C7CB91 /* PauseMenuVC.m in Sources */ = {isa = PBXBuildFile; fileRef = C710314918382B3200C7CB91 /* PauseMenuVC.m */; };
		C710314D18382B9400C7CB91 /* GamePageVC.m in Sources */ = {isa = PBXBuildFile; fileRef = C710314C18382B9400C7CB91 /* GamePageVC.m */; };
		C71031501838366500C7CB91 /* CoreDataTableViewController.m in Sources */ = {isa = PBXBuildFile; fileRef = C710314F1838366500C7CB91 /* CoreDataTableViewController.m */; };
		C710315318383EBF00C7CB91 /* InventoryCDTVC.m in Sources */ = {isa = PBXBuildFile; fileRef = C710315218383EBF00C7CB91 /* InventoryCDTVC.m */; };
		C710315618383EF900C7CB91 /* SaveLoadCDTVC.m in Sources */ = {isa = PBXBuildFile; fileRef = C710315518383EF900C7CB91 /* SaveLoadCDTVC.m */; };
		C710315818384ECE00C7CB91 /* CoreImage.framework in Frameworks */ = {isa = PBXBuildFile; fileRef = C710315718384ECE00C7CB91 /* CoreImage.framework */; };
		C71183831854025E00DCAF62 /* SmileyView.m in Sources */ = {isa = PBXBuildFile; fileRef = C71183821854025E00DCAF62 /* SmileyView.m */; };
		C711838A1854175200DCAF62 /* CoreBluetooth.framework in Frameworks */ = {isa = PBXBuildFile; fileRef = C71183891854175200DCAF62 /* CoreBluetooth.framework */; };
		C71183901854321400DCAF62 /* BluetoothPageTVC.m in Sources */ = {isa = PBXBuildFile; fileRef = C711838F1854321400DCAF62 /* BluetoothPageTVC.m */; };
		C71183921854332700DCAF62 /* SafariServices.framework in Frameworks */ = {isa = PBXBuildFile; fileRef = C71183911854332700DCAF62 /* SafariServices.framework */; };
		C740694D183755EA00817BE2 /* SpriteKit.framework in Frameworks */ = {isa = PBXBuildFile; fileRef = C740694C183755EA00817BE2 /* SpriteKit.framework */; };
		C7406950183756D900817BE2 /* TitlePageVC.m in Sources */ = {isa = PBXBuildFile; fileRef = C740694F183756D900817BE2 /* TitlePageVC.m */; };
		C7406957183758E600817BE2 /* _ghost_-_Empty_rooms_(small_theme).mp3 in Resources */ = {isa = PBXBuildFile; fileRef = C7406956183758E600817BE2 /* _ghost_-_Empty_rooms_(small_theme).mp3 */; };
		C74069591837594200817BE2 /* _ghost_-_Reverie_(small_theme).mp3 in Resources */ = {isa = PBXBuildFile; fileRef = C74069581837594200817BE2 /* _ghost_-_Reverie_(small_theme).mp3 */; };
		C74069611837598100817BE2 /* djlang59_-_Drops_of_H2O_(_The_Filtered_Water_Treatment_).mp3 in Resources */ = {isa = PBXBuildFile; fileRef = C740695A1837598100817BE2 /* djlang59_-_Drops_of_H2O_(_The_Filtered_Water_Treatment_).mp3 */; };
		C74069621837598100817BE2 /* Pitx_-_Chords_For_David.mp3 in Resources */ = {isa = PBXBuildFile; fileRef = C740695B1837598100817BE2 /* Pitx_-_Chords_For_David.mp3 */; };
		C74069631837598100817BE2 /* gurdonark_-_Restless_Sleep.mp3 in Resources */ = {isa = PBXBuildFile; fileRef = C740695C1837598100817BE2 /* gurdonark_-_Restless_Sleep.mp3 */; };
		C74069641837598100817BE2 /* gurdonark_-_Snow_Geese_at_Hagerman_Wildlife_Preserve.mp3 in Resources */ = {isa = PBXBuildFile; fileRef = C740695D1837598100817BE2 /* gurdonark_-_Snow_Geese_at_Hagerman_Wildlife_Preserve.mp3 */; };
		C74069651837598100817BE2 /* gurdonark_-_Homework.mp3 in Resources */ = {isa = PBXBuildFile; fileRef = C740695E1837598100817BE2 /* gurdonark_-_Homework.mp3 */; };
		C74069661837598100817BE2 /* onlymeith_-_Truth_.mp3 in Resources */ = {isa = PBXBuildFile; fileRef = C740695F1837598100817BE2 /* onlymeith_-_Truth_.mp3 */; };
		C74069671837598100817BE2 /* flatwound_-_The_Long_Goodbye.mp3 in Resources */ = {isa = PBXBuildFile; fileRef = C74069601837598100817BE2 /* flatwound_-_The_Long_Goodbye.mp3 */; };
		C740696A18375A3F00817BE2 /* TitlePageScene.m in Sources */ = {isa = PBXBuildFile; fileRef = C740696918375A3F00817BE2 /* TitlePageScene.m */; };
		C740696E18375E5700817BE2 /* Mote.m in Sources */ = {isa = PBXBuildFile; fileRef = C740696D18375E5700817BE2 /* Mote.m */; };
		C74069711837665100817BE2 /* MathUtils.m in Sources */ = {isa = PBXBuildFile; fileRef = C74069701837665100817BE2 /* MathUtils.m */; };
		C740697418376B2100817BE2 /* Drop.m in Sources */ = {isa = PBXBuildFile; fileRef = C740697318376B2100817BE2 /* Drop.m */; };
		C74069761837834E00817BE2 /* AVFoundation.framework in Frameworks */ = {isa = PBXBuildFile; fileRef = C74069751837834E00817BE2 /* AVFoundation.framework */; };
		C756E62D183884830015A240 /* GamePageScene.m in Sources */ = {isa = PBXBuildFile; fileRef = C756E62C183884830015A240 /* GamePageScene.m */; };
		C759EC16183C7312009A0D60 /* MusicManager.m in Sources */ = {isa = PBXBuildFile; fileRef = C759EC15183C7312009A0D60 /* MusicManager.m */; };
		C75E139F1838789A0032048E /* PauseMenuNavigationController.m in Sources */ = {isa = PBXBuildFile; fileRef = C75E139E1838789A0032048E /* PauseMenuNavigationController.m */; };
		C76817E618454E840069F170 /* OptionsTVC.m in Sources */ = {isa = PBXBuildFile; fileRef = C76817E518454E840069F170 /* OptionsTVC.m */; };
		C76817E91845509A0069F170 /* OptionsManager.m in Sources */ = {isa = PBXBuildFile; fileRef = C76817E81845509A0069F170 /* OptionsManager.m */; };
		C786FADA185443200084F21C /* AboutVC.m in Sources */ = {isa = PBXBuildFile; fileRef = C786FAD9185443200084F21C /* AboutVC.m */; };
		C794E897183B5E2E00019BF2 /* Debugging.m in Sources */ = {isa = PBXBuildFile; fileRef = C794E896183B5E2E00019BF2 /* Debugging.m */; };
		C7B26B8C184FF88500ECB600 /* Item+Create.m in Sources */ = {isa = PBXBuildFile; fileRef = C7B26B8B184FF88500ECB600 /* Item+Create.m */; };
		C7C98DDE1847D13C008C2B0D /* Wall+Create.m in Sources */ = {isa = PBXBuildFile; fileRef = C7C98DDD1847D13C008C2B0D /* Wall+Create.m */; };
		C7DED2F0182F468200F953A5 /* Foundation.framework in Frameworks */ = {isa = PBXBuildFile; fileRef = C7DED2EF182F468200F953A5 /* Foundation.framework */; };
		C7DED2F2182F468200F953A5 /* CoreGraphics.framework in Frameworks */ = {isa = PBXBuildFile; fileRef = C7DED2F1182F468200F953A5 /* CoreGraphics.framework */; };
		C7DED2F4182F468200F953A5 /* UIKit.framework in Frameworks */ = {isa = PBXBuildFile; fileRef = C7DED2F3182F468200F953A5 /* UIKit.framework */; };
		C7DED2FA182F468200F953A5 /* InfoPlist.strings in Resources */ = {isa = PBXBuildFile; fileRef = C7DED2F8182F468200F953A5 /* InfoPlist.strings */; };
		C7DED2FC182F468200F953A5 /* main.m in Sources */ = {isa = PBXBuildFile; fileRef = C7DED2FB182F468200F953A5 /* main.m */; };
		C7DED300182F468200F953A5 /* SheenAppDelegate.m in Sources */ = {isa = PBXBuildFile; fileRef = C7DED2FF182F468200F953A5 /* SheenAppDelegate.m */; };
		C7DED303182F468200F953A5 /* Main_iPhone.storyboard in Resources */ = {isa = PBXBuildFile; fileRef = C7DED301182F468200F953A5 /* Main_iPhone.storyboard */; };
		C7DED306182F468200F953A5 /* Main_iPad.storyboard in Resources */ = {isa = PBXBuildFile; fileRef = C7DED304182F468200F953A5 /* Main_iPad.storyboard */; };
		C7DED30B182F468200F953A5 /* Images.xcassets in Resources */ = {isa = PBXBuildFile; fileRef = C7DED30A182F468200F953A5 /* Images.xcassets */; };
		C7DED312182F468300F953A5 /* XCTest.framework in Frameworks */ = {isa = PBXBuildFile; fileRef = C7DED311182F468300F953A5 /* XCTest.framework */; };
		C7DED313182F468300F953A5 /* Foundation.framework in Frameworks */ = {isa = PBXBuildFile; fileRef = C7DED2EF182F468200F953A5 /* Foundation.framework */; };
		C7DED314182F468300F953A5 /* UIKit.framework in Frameworks */ = {isa = PBXBuildFile; fileRef = C7DED2F3182F468200F953A5 /* UIKit.framework */; };
		C7DED31C182F468300F953A5 /* InfoPlist.strings in Resources */ = {isa = PBXBuildFile; fileRef = C7DED31A182F468300F953A5 /* InfoPlist.strings */; };
		C7DED31E182F468300F953A5 /* SheenTests.m in Sources */ = {isa = PBXBuildFile; fileRef = C7DED31D182F468300F953A5 /* SheenTests.m */; };
		C7FD898C184A7B15008CFA0F /* Savegame+Create.m in Sources */ = {isa = PBXBuildFile; fileRef = C7FD898B184A7B15008CFA0F /* Savegame+Create.m */; };
/* End PBXBuildFile section */

/* Begin PBXContainerItemProxy section */
		C7DED315182F468300F953A5 /* PBXContainerItemProxy */ = {
			isa = PBXContainerItemProxy;
			containerPortal = C7DED2E4182F468200F953A5 /* Project object */;
			proxyType = 1;
			remoteGlobalIDString = C7DED2EB182F468200F953A5;
			remoteInfo = Sheen;
		};
/* End PBXContainerItemProxy section */

/* Begin PBXFileReference section */
		C70A0046185676580093D8E0 /* Portal.h */ = {isa = PBXFileReference; fileEncoding = 4; lastKnownFileType = sourcecode.c.h; path = Portal.h; sourceTree = "<group>"; };
		C70A0047185676580093D8E0 /* Portal.m */ = {isa = PBXFileReference; fileEncoding = 4; lastKnownFileType = sourcecode.c.objc; path = Portal.m; sourceTree = "<group>"; };
		C70A00641856766C0093D8E0 /* Color+Create.h */ = {isa = PBXFileReference; fileEncoding = 4; lastKnownFileType = sourcecode.c.h; path = "Color+Create.h"; sourceTree = "<group>"; };
		C70A00651856766C0093D8E0 /* Color+Create.m */ = {isa = PBXFileReference; fileEncoding = 4; lastKnownFileType = sourcecode.c.objc; path = "Color+Create.m"; sourceTree = "<group>"; };
		C70A006718567F870093D8E0 /* Portal+Create.h */ = {isa = PBXFileReference; fileEncoding = 4; lastKnownFileType = sourcecode.c.h; path = "Portal+Create.h"; sourceTree = "<group>"; };
		C70A006818567F870093D8E0 /* Portal+Create.m */ = {isa = PBXFileReference; fileEncoding = 4; lastKnownFileType = sourcecode.c.objc; path = "Portal+Create.m"; sourceTree = "<group>"; };
		C70A006A185684DD0093D8E0 /* Wall.h */ = {isa = PBXFileReference; fileEncoding = 4; lastKnownFileType = sourcecode.c.h; path = Wall.h; sourceTree = "<group>"; };
		C70A006B185684DD0093D8E0 /* Wall.m */ = {isa = PBXFileReference; fileEncoding = 4; lastKnownFileType = sourcecode.c.objc; path = Wall.m; sourceTree = "<group>"; };
		C70A006D185684DE0093D8E0 /* Item.h */ = {isa = PBXFileReference; fileEncoding = 4; lastKnownFileType = sourcecode.c.h; path = Item.h; sourceTree = "<group>"; };
		C70A006E185684DE0093D8E0 /* Item.m */ = {isa = PBXFileReference; fileEncoding = 4; lastKnownFileType = sourcecode.c.objc; path = Item.m; sourceTree = "<group>"; };
		C70A0070185684DE0093D8E0 /* Savegame.h */ = {isa = PBXFileReference; fileEncoding = 4; lastKnownFileType = sourcecode.c.h; path = Savegame.h; sourceTree = "<group>"; };
		C70A0071185684DE0093D8E0 /* Savegame.m */ = {isa = PBXFileReference; fileEncoding = 4; lastKnownFileType = sourcecode.c.objc; path = Savegame.m; sourceTree = "<group>"; };
		C70A0073185684DE0093D8E0 /* PortalInstance.h */ = {isa = PBXFileReference; fileEncoding = 4; lastKnownFileType = sourcecode.c.h; path = PortalInstance.h; sourceTree = "<group>"; };
		C70A0074185684DE0093D8E0 /* PortalInstance.m */ = {isa = PBXFileReference; fileEncoding = 4; lastKnownFileType = sourcecode.c.objc; path = PortalInstance.m; sourceTree = "<group>"; };
		C70A0076185684DE0093D8E0 /* Player.h */ = {isa = PBXFileReference; fileEncoding = 4; lastKnownFileType = sourcecode.c.h; path = Player.h; sourceTree = "<group>"; };
		C70A0077185684DE0093D8E0 /* Player.m */ = {isa = PBXFileReference; fileEncoding = 4; lastKnownFileType = sourcecode.c.objc; path = Player.m; sourceTree = "<group>"; };
		C70A0079185684DE0093D8E0 /* PortalTemplate.h */ = {isa = PBXFileReference; fileEncoding = 4; lastKnownFileType = sourcecode.c.h; path = PortalTemplate.h; sourceTree = "<group>"; };
		C70A007A185684DE0093D8E0 /* PortalTemplate.m */ = {isa = PBXFileReference; fileEncoding = 4; lastKnownFileType = sourcecode.c.objc; path = PortalTemplate.m; sourceTree = "<group>"; };
		C70A007C185684DE0093D8E0 /* LevelInstance.h */ = {isa = PBXFileReference; fileEncoding = 4; lastKnownFileType = sourcecode.c.h; path = LevelInstance.h; sourceTree = "<group>"; };
		C70A007D185684DE0093D8E0 /* LevelInstance.m */ = {isa = PBXFileReference; fileEncoding = 4; lastKnownFileType = sourcecode.c.objc; path = LevelInstance.m; sourceTree = "<group>"; };
		C70A007F185684DE0093D8E0 /* SpatialEntity.h */ = {isa = PBXFileReference; fileEncoding = 4; lastKnownFileType = sourcecode.c.h; path = SpatialEntity.h; sourceTree = "<group>"; };
		C70A0080185684DE0093D8E0 /* SpatialEntity.m */ = {isa = PBXFileReference; fileEncoding = 4; lastKnownFileType = sourcecode.c.objc; path = SpatialEntity.m; sourceTree = "<group>"; };
		C70A0082185684DE0093D8E0 /* Being.h */ = {isa = PBXFileReference; fileEncoding = 4; lastKnownFileType = sourcecode.c.h; path = Being.h; sourceTree = "<group>"; };
		C70A0083185684DE0093D8E0 /* Being.m */ = {isa = PBXFileReference; fileEncoding = 4; lastKnownFileType = sourcecode.c.objc; path = Being.m; sourceTree = "<group>"; };
		C70A0085185684DE0093D8E0 /* Color.h */ = {isa = PBXFileReference; fileEncoding = 4; lastKnownFileType = sourcecode.c.h; path = Color.h; sourceTree = "<group>"; };
		C70A0086185684DE0093D8E0 /* Color.m */ = {isa = PBXFileReference; fileEncoding = 4; lastKnownFileType = sourcecode.c.objc; path = Color.m; sourceTree = "<group>"; };
		C70A0088185684DE0093D8E0 /* LevelTemplate.h */ = {isa = PBXFileReference; fileEncoding = 4; lastKnownFileType = sourcecode.c.h; path = LevelTemplate.h; sourceTree = "<group>"; };
		C70A0089185684DE0093D8E0 /* LevelTemplate.m */ = {isa = PBXFileReference; fileEncoding = 4; lastKnownFileType = sourcecode.c.objc; path = LevelTemplate.m; sourceTree = "<group>"; };
		C70A008B185684F80093D8E0 /* PortalInstance+Create.h */ = {isa = PBXFileReference; fileEncoding = 4; lastKnownFileType = sourcecode.c.h; path = "PortalInstance+Create.h"; sourceTree = "<group>"; };
		C70A008C185684F80093D8E0 /* PortalInstance+Create.m */ = {isa = PBXFileReference; fileEncoding = 4; lastKnownFileType = sourcecode.c.objc; path = "PortalInstance+Create.m"; sourceTree = "<group>"; };
		C70A75CE18467FE4005F3680 /* SaveStructure.xcdatamodel */ = {isa = PBXFileReference; lastKnownFileType = wrapper.xcdatamodel; path = SaveStructure.xcdatamodel; sourceTree = "<group>"; };
		C70A75EB18468F18005F3680 /* DatabaseManager.h */ = {isa = PBXFileReference; fileEncoding = 4; lastKnownFileType = sourcecode.c.h; path = DatabaseManager.h; sourceTree = "<group>"; };
		C70A75EC18468F18005F3680 /* DatabaseManager.m */ = {isa = PBXFileReference; fileEncoding = 4; lastKnownFileType = sourcecode.c.objc; path = DatabaseManager.m; sourceTree = "<group>"; };
		C70A75F118469EAB005F3680 /* LevelTemplate+Create.h */ = {isa = PBXFileReference; fileEncoding = 4; lastKnownFileType = sourcecode.c.h; path = "LevelTemplate+Create.h"; sourceTree = "<group>"; };
		C70A75F218469EAB005F3680 /* LevelTemplate+Create.m */ = {isa = PBXFileReference; fileEncoding = 4; lastKnownFileType = sourcecode.c.objc; path = "LevelTemplate+Create.m"; sourceTree = "<group>"; };
		C70A75F71846A731005F3680 /* BeingNode.h */ = {isa = PBXFileReference; fileEncoding = 4; lastKnownFileType = sourcecode.c.h; path = BeingNode.h; sourceTree = "<group>"; };
		C70A75F81846A731005F3680 /* BeingNode.m */ = {isa = PBXFileReference; fileEncoding = 4; lastKnownFileType = sourcecode.c.objc; path = BeingNode.m; sourceTree = "<group>"; };
		C70A75FA1846B016005F3680 /* LevelInstance+Create.h */ = {isa = PBXFileReference; fileEncoding = 4; lastKnownFileType = sourcecode.c.h; path = "LevelInstance+Create.h"; sourceTree = "<group>"; };
		C70A75FB1846B016005F3680 /* LevelInstance+Create.m */ = {isa = PBXFileReference; fileEncoding = 4; lastKnownFileType = sourcecode.c.objc; path = "LevelInstance+Create.m"; sourceTree = "<group>"; };
		C70A75FD1846B2D7005F3680 /* SpatialEntity+Create.h */ = {isa = PBXFileReference; fileEncoding = 4; lastKnownFileType = sourcecode.c.h; path = "SpatialEntity+Create.h"; sourceTree = "<group>"; };
		C70A75FE1846B2D7005F3680 /* SpatialEntity+Create.m */ = {isa = PBXFileReference; fileEncoding = 4; lastKnownFileType = sourcecode.c.objc; path = "SpatialEntity+Create.m"; sourceTree = "<group>"; };
		C70A76001846B399005F3680 /* Being+Create.h */ = {isa = PBXFileReference; fileEncoding = 4; lastKnownFileType = sourcecode.c.h; path = "Being+Create.h"; sourceTree = "<group>"; };
		C70A76011846B399005F3680 /* Being+Create.m */ = {isa = PBXFileReference; fileEncoding = 4; lastKnownFileType = sourcecode.c.objc; path = "Being+Create.m"; sourceTree = "<group>"; };
		C70A76031846B5F5005F3680 /* Player+Create.h */ = {isa = PBXFileReference; fileEncoding = 4; lastKnownFileType = sourcecode.c.h; path = "Player+Create.h"; sourceTree = "<group>"; };
		C70A76041846B5F5005F3680 /* Player+Create.m */ = {isa = PBXFileReference; fileEncoding = 4; lastKnownFileType = sourcecode.c.objc; path = "Player+Create.m"; sourceTree = "<group>"; };
		C710314818382B3200C7CB91 /* PauseMenuVC.h */ = {isa = PBXFileReference; fileEncoding = 4; lastKnownFileType = sourcecode.c.h; path = PauseMenuVC.h; sourceTree = "<group>"; };
		C710314918382B3200C7CB91 /* PauseMenuVC.m */ = {isa = PBXFileReference; fileEncoding = 4; lastKnownFileType = sourcecode.c.objc; path = PauseMenuVC.m; sourceTree = "<group>"; };
		C710314B18382B9400C7CB91 /* GamePageVC.h */ = {isa = PBXFileReference; fileEncoding = 4; lastKnownFileType = sourcecode.c.h; path = GamePageVC.h; sourceTree = "<group>"; };
		C710314C18382B9400C7CB91 /* GamePageVC.m */ = {isa = PBXFileReference; fileEncoding = 4; lastKnownFileType = sourcecode.c.objc; path = GamePageVC.m; sourceTree = "<group>"; };
		C710314E1838366500C7CB91 /* CoreDataTableViewController.h */ = {isa = PBXFileReference; fileEncoding = 4; lastKnownFileType = sourcecode.c.h; path = CoreDataTableViewController.h; sourceTree = "<group>"; };
		C710314F1838366500C7CB91 /* CoreDataTableViewController.m */ = {isa = PBXFileReference; fileEncoding = 4; lastKnownFileType = sourcecode.c.objc; path = CoreDataTableViewController.m; sourceTree = "<group>"; };
		C710315118383EBF00C7CB91 /* InventoryCDTVC.h */ = {isa = PBXFileReference; fileEncoding = 4; lastKnownFileType = sourcecode.c.h; path = InventoryCDTVC.h; sourceTree = "<group>"; };
		C710315218383EBF00C7CB91 /* InventoryCDTVC.m */ = {isa = PBXFileReference; fileEncoding = 4; lastKnownFileType = sourcecode.c.objc; path = InventoryCDTVC.m; sourceTree = "<group>"; };
		C710315418383EF900C7CB91 /* SaveLoadCDTVC.h */ = {isa = PBXFileReference; fileEncoding = 4; lastKnownFileType = sourcecode.c.h; path = SaveLoadCDTVC.h; sourceTree = "<group>"; };
		C710315518383EF900C7CB91 /* SaveLoadCDTVC.m */ = {isa = PBXFileReference; fileEncoding = 4; lastKnownFileType = sourcecode.c.objc; path = SaveLoadCDTVC.m; sourceTree = "<group>"; };
		C710315718384ECE00C7CB91 /* CoreImage.framework */ = {isa = PBXFileReference; lastKnownFileType = wrapper.framework; name = CoreImage.framework; path = System/Library/Frameworks/CoreImage.framework; sourceTree = SDKROOT; };
		C71183811854025E00DCAF62 /* SmileyView.h */ = {isa = PBXFileReference; fileEncoding = 4; lastKnownFileType = sourcecode.c.h; path = SmileyView.h; sourceTree = "<group>"; };
		C71183821854025E00DCAF62 /* SmileyView.m */ = {isa = PBXFileReference; fileEncoding = 4; lastKnownFileType = sourcecode.c.objc; path = SmileyView.m; sourceTree = "<group>"; };
		C71183891854175200DCAF62 /* CoreBluetooth.framework */ = {isa = PBXFileReference; lastKnownFileType = wrapper.framework; name = CoreBluetooth.framework; path = System/Library/Frameworks/CoreBluetooth.framework; sourceTree = SDKROOT; };
		C711838E1854321400DCAF62 /* BluetoothPageTVC.h */ = {isa = PBXFileReference; fileEncoding = 4; lastKnownFileType = sourcecode.c.h; path = BluetoothPageTVC.h; sourceTree = "<group>"; };
		C711838F1854321400DCAF62 /* BluetoothPageTVC.m */ = {isa = PBXFileReference; fileEncoding = 4; lastKnownFileType = sourcecode.c.objc; path = BluetoothPageTVC.m; sourceTree = "<group>"; };
		C71183911854332700DCAF62 /* SafariServices.framework */ = {isa = PBXFileReference; lastKnownFileType = wrapper.framework; name = SafariServices.framework; path = System/Library/Frameworks/SafariServices.framework; sourceTree = SDKROOT; };
		C740694C183755EA00817BE2 /* SpriteKit.framework */ = {isa = PBXFileReference; lastKnownFileType = wrapper.framework; name = SpriteKit.framework; path = System/Library/Frameworks/SpriteKit.framework; sourceTree = SDKROOT; };
		C740694E183756D900817BE2 /* TitlePageVC.h */ = {isa = PBXFileReference; fileEncoding = 4; lastKnownFileType = sourcecode.c.h; path = TitlePageVC.h; sourceTree = "<group>"; };
		C740694F183756D900817BE2 /* TitlePageVC.m */ = {isa = PBXFileReference; fileEncoding = 4; lastKnownFileType = sourcecode.c.objc; path = TitlePageVC.m; sourceTree = "<group>"; };
		C7406956183758E600817BE2 /* _ghost_-_Empty_rooms_(small_theme).mp3 */ = {isa = PBXFileReference; lastKnownFileType = audio.mp3; path = "_ghost_-_Empty_rooms_(small_theme).mp3"; sourceTree = "<group>"; };
		C74069581837594200817BE2 /* _ghost_-_Reverie_(small_theme).mp3 */ = {isa = PBXFileReference; lastKnownFileType = audio.mp3; path = "_ghost_-_Reverie_(small_theme).mp3"; sourceTree = "<group>"; };
		C740695A1837598100817BE2 /* djlang59_-_Drops_of_H2O_(_The_Filtered_Water_Treatment_).mp3 */ = {isa = PBXFileReference; lastKnownFileType = audio.mp3; path = "djlang59_-_Drops_of_H2O_(_The_Filtered_Water_Treatment_).mp3"; sourceTree = "<group>"; };
		C740695B1837598100817BE2 /* Pitx_-_Chords_For_David.mp3 */ = {isa = PBXFileReference; lastKnownFileType = audio.mp3; path = "Pitx_-_Chords_For_David.mp3"; sourceTree = "<group>"; };
		C740695C1837598100817BE2 /* gurdonark_-_Restless_Sleep.mp3 */ = {isa = PBXFileReference; lastKnownFileType = audio.mp3; path = "gurdonark_-_Restless_Sleep.mp3"; sourceTree = "<group>"; };
		C740695D1837598100817BE2 /* gurdonark_-_Snow_Geese_at_Hagerman_Wildlife_Preserve.mp3 */ = {isa = PBXFileReference; lastKnownFileType = audio.mp3; path = "gurdonark_-_Snow_Geese_at_Hagerman_Wildlife_Preserve.mp3"; sourceTree = "<group>"; };
		C740695E1837598100817BE2 /* gurdonark_-_Homework.mp3 */ = {isa = PBXFileReference; lastKnownFileType = audio.mp3; path = "gurdonark_-_Homework.mp3"; sourceTree = "<group>"; };
		C740695F1837598100817BE2 /* onlymeith_-_Truth_.mp3 */ = {isa = PBXFileReference; lastKnownFileType = audio.mp3; path = "onlymeith_-_Truth_.mp3"; sourceTree = "<group>"; };
		C74069601837598100817BE2 /* flatwound_-_The_Long_Goodbye.mp3 */ = {isa = PBXFileReference; lastKnownFileType = audio.mp3; path = "flatwound_-_The_Long_Goodbye.mp3"; sourceTree = "<group>"; };
		C740696818375A3F00817BE2 /* TitlePageScene.h */ = {isa = PBXFileReference; fileEncoding = 4; lastKnownFileType = sourcecode.c.h; path = TitlePageScene.h; sourceTree = "<group>"; };
		C740696918375A3F00817BE2 /* TitlePageScene.m */ = {isa = PBXFileReference; fileEncoding = 4; lastKnownFileType = sourcecode.c.objc; path = TitlePageScene.m; sourceTree = "<group>"; };
		C740696C18375E5700817BE2 /* Mote.h */ = {isa = PBXFileReference; fileEncoding = 4; lastKnownFileType = sourcecode.c.h; path = Mote.h; sourceTree = "<group>"; };
		C740696D18375E5700817BE2 /* Mote.m */ = {isa = PBXFileReference; fileEncoding = 4; lastKnownFileType = sourcecode.c.objc; path = Mote.m; sourceTree = "<group>"; };
		C740696F1837665100817BE2 /* MathUtils.h */ = {isa = PBXFileReference; fileEncoding = 4; lastKnownFileType = sourcecode.c.h; path = MathUtils.h; sourceTree = "<group>"; };
		C74069701837665100817BE2 /* MathUtils.m */ = {isa = PBXFileReference; fileEncoding = 4; lastKnownFileType = sourcecode.c.objc; path = MathUtils.m; sourceTree = "<group>"; };
		C740697218376B2100817BE2 /* Drop.h */ = {isa = PBXFileReference; fileEncoding = 4; lastKnownFileType = sourcecode.c.h; path = Drop.h; sourceTree = "<group>"; };
		C740697318376B2100817BE2 /* Drop.m */ = {isa = PBXFileReference; fileEncoding = 4; lastKnownFileType = sourcecode.c.objc; path = Drop.m; sourceTree = "<group>"; };
		C74069751837834E00817BE2 /* AVFoundation.framework */ = {isa = PBXFileReference; lastKnownFileType = wrapper.framework; name = AVFoundation.framework; path = System/Library/Frameworks/AVFoundation.framework; sourceTree = SDKROOT; };
		C756E62B183884830015A240 /* GamePageScene.h */ = {isa = PBXFileReference; fileEncoding = 4; lastKnownFileType = sourcecode.c.h; path = GamePageScene.h; sourceTree = "<group>"; };
		C756E62C183884830015A240 /* GamePageScene.m */ = {isa = PBXFileReference; fileEncoding = 4; lastKnownFileType = sourcecode.c.objc; path = GamePageScene.m; sourceTree = "<group>"; };
		C759EC14183C7312009A0D60 /* MusicManager.h */ = {isa = PBXFileReference; fileEncoding = 4; lastKnownFileType = sourcecode.c.h; path = MusicManager.h; sourceTree = "<group>"; };
		C759EC15183C7312009A0D60 /* MusicManager.m */ = {isa = PBXFileReference; fileEncoding = 4; lastKnownFileType = sourcecode.c.objc; path = MusicManager.m; sourceTree = "<group>"; };
		C75E139D1838789A0032048E /* PauseMenuNavigationController.h */ = {isa = PBXFileReference; fileEncoding = 4; lastKnownFileType = sourcecode.c.h; path = PauseMenuNavigationController.h; sourceTree = "<group>"; };
		C75E139E1838789A0032048E /* PauseMenuNavigationController.m */ = {isa = PBXFileReference; fileEncoding = 4; lastKnownFileType = sourcecode.c.objc; path = PauseMenuNavigationController.m; sourceTree = "<group>"; };
		C75E13A0183879980032048E /* BGImageRecipient.h */ = {isa = PBXFileReference; fileEncoding = 4; lastKnownFileType = sourcecode.c.h; path = BGImageRecipient.h; sourceTree = "<group>"; };
		C76817E418454E840069F170 /* OptionsTVC.h */ = {isa = PBXFileReference; fileEncoding = 4; lastKnownFileType = sourcecode.c.h; path = OptionsTVC.h; sourceTree = "<group>"; };
		C76817E518454E840069F170 /* OptionsTVC.m */ = {isa = PBXFileReference; fileEncoding = 4; lastKnownFileType = sourcecode.c.objc; path = OptionsTVC.m; sourceTree = "<group>"; };
		C76817E71845509A0069F170 /* OptionsManager.h */ = {isa = PBXFileReference; fileEncoding = 4; lastKnownFileType = sourcecode.c.h; path = OptionsManager.h; sourceTree = "<group>"; };
		C76817E81845509A0069F170 /* OptionsManager.m */ = {isa = PBXFileReference; fileEncoding = 4; lastKnownFileType = sourcecode.c.objc; path = OptionsManager.m; sourceTree = "<group>"; };
		C786FAD8185443200084F21C /* AboutVC.h */ = {isa = PBXFileReference; fileEncoding = 4; lastKnownFileType = sourcecode.c.h; path = AboutVC.h; sourceTree = "<group>"; };
		C786FAD9185443200084F21C /* AboutVC.m */ = {isa = PBXFileReference; fileEncoding = 4; lastKnownFileType = sourcecode.c.objc; path = AboutVC.m; sourceTree = "<group>"; };
		C794E895183B5E2E00019BF2 /* Debugging.h */ = {isa = PBXFileReference; fileEncoding = 4; lastKnownFileType = sourcecode.c.h; path = Debugging.h; sourceTree = "<group>"; };
		C794E896183B5E2E00019BF2 /* Debugging.m */ = {isa = PBXFileReference; fileEncoding = 4; lastKnownFileType = sourcecode.c.objc; path = Debugging.m; sourceTree = "<group>"; };
		C7B26B8A184FF88500ECB600 /* Item+Create.h */ = {isa = PBXFileReference; fileEncoding = 4; lastKnownFileType = sourcecode.c.h; path = "Item+Create.h"; sourceTree = "<group>"; };
		C7B26B8B184FF88500ECB600 /* Item+Create.m */ = {isa = PBXFileReference; fileEncoding = 4; lastKnownFileType = sourcecode.c.objc; path = "Item+Create.m"; sourceTree = "<group>"; };
		C7C98DDC1847D13C008C2B0D /* Wall+Create.h */ = {isa = PBXFileReference; fileEncoding = 4; lastKnownFileType = sourcecode.c.h; path = "Wall+Create.h"; sourceTree = "<group>"; };
		C7C98DDD1847D13C008C2B0D /* Wall+Create.m */ = {isa = PBXFileReference; fileEncoding = 4; lastKnownFileType = sourcecode.c.objc; path = "Wall+Create.m"; sourceTree = "<group>"; };
		C7DED2EC182F468200F953A5 /* Sheen.app */ = {isa = PBXFileReference; explicitFileType = wrapper.application; includeInIndex = 0; path = Sheen.app; sourceTree = BUILT_PRODUCTS_DIR; };
		C7DED2EF182F468200F953A5 /* Foundation.framework */ = {isa = PBXFileReference; lastKnownFileType = wrapper.framework; name = Foundation.framework; path = System/Library/Frameworks/Foundation.framework; sourceTree = SDKROOT; };
		C7DED2F1182F468200F953A5 /* CoreGraphics.framework */ = {isa = PBXFileReference; lastKnownFileType = wrapper.framework; name = CoreGraphics.framework; path = System/Library/Frameworks/CoreGraphics.framework; sourceTree = SDKROOT; };
		C7DED2F3182F468200F953A5 /* UIKit.framework */ = {isa = PBXFileReference; lastKnownFileType = wrapper.framework; name = UIKit.framework; path = System/Library/Frameworks/UIKit.framework; sourceTree = SDKROOT; };
		C7DED2F7182F468200F953A5 /* Sheen-Info.plist */ = {isa = PBXFileReference; lastKnownFileType = text.plist.xml; path = "Sheen-Info.plist"; sourceTree = "<group>"; };
		C7DED2F9182F468200F953A5 /* en */ = {isa = PBXFileReference; lastKnownFileType = text.plist.strings; name = en; path = en.lproj/InfoPlist.strings; sourceTree = "<group>"; };
		C7DED2FB182F468200F953A5 /* main.m */ = {isa = PBXFileReference; lastKnownFileType = sourcecode.c.objc; path = main.m; sourceTree = "<group>"; };
		C7DED2FD182F468200F953A5 /* Sheen-Prefix.pch */ = {isa = PBXFileReference; lastKnownFileType = sourcecode.c.h; path = "Sheen-Prefix.pch"; sourceTree = "<group>"; };
		C7DED2FE182F468200F953A5 /* SheenAppDelegate.h */ = {isa = PBXFileReference; lastKnownFileType = sourcecode.c.h; path = SheenAppDelegate.h; sourceTree = "<group>"; };
		C7DED2FF182F468200F953A5 /* SheenAppDelegate.m */ = {isa = PBXFileReference; lastKnownFileType = sourcecode.c.objc; path = SheenAppDelegate.m; sourceTree = "<group>"; };
		C7DED302182F468200F953A5 /* Base */ = {isa = PBXFileReference; lastKnownFileType = file.storyboard; name = Base; path = Base.lproj/Main_iPhone.storyboard; sourceTree = "<group>"; };
		C7DED305182F468200F953A5 /* Base */ = {isa = PBXFileReference; lastKnownFileType = file.storyboard; name = Base; path = Base.lproj/Main_iPad.storyboard; sourceTree = "<group>"; };
		C7DED30A182F468200F953A5 /* Images.xcassets */ = {isa = PBXFileReference; lastKnownFileType = folder.assetcatalog; path = Images.xcassets; sourceTree = "<group>"; };
		C7DED310182F468300F953A5 /* SheenTests.xctest */ = {isa = PBXFileReference; explicitFileType = wrapper.cfbundle; includeInIndex = 0; path = SheenTests.xctest; sourceTree = BUILT_PRODUCTS_DIR; };
		C7DED311182F468300F953A5 /* XCTest.framework */ = {isa = PBXFileReference; lastKnownFileType = wrapper.framework; name = XCTest.framework; path = Library/Frameworks/XCTest.framework; sourceTree = DEVELOPER_DIR; };
		C7DED319182F468300F953A5 /* SheenTests-Info.plist */ = {isa = PBXFileReference; lastKnownFileType = text.plist.xml; path = "SheenTests-Info.plist"; sourceTree = "<group>"; };
		C7DED31B182F468300F953A5 /* en */ = {isa = PBXFileReference; lastKnownFileType = text.plist.strings; name = en; path = en.lproj/InfoPlist.strings; sourceTree = "<group>"; };
		C7DED31D182F468300F953A5 /* SheenTests.m */ = {isa = PBXFileReference; lastKnownFileType = sourcecode.c.objc; path = SheenTests.m; sourceTree = "<group>"; };
		C7FD898A184A7B15008CFA0F /* Savegame+Create.h */ = {isa = PBXFileReference; fileEncoding = 4; lastKnownFileType = sourcecode.c.h; path = "Savegame+Create.h"; sourceTree = "<group>"; };
		C7FD898B184A7B15008CFA0F /* Savegame+Create.m */ = {isa = PBXFileReference; fileEncoding = 4; lastKnownFileType = sourcecode.c.objc; path = "Savegame+Create.m"; sourceTree = "<group>"; };
/* End PBXFileReference section */

/* Begin PBXFrameworksBuildPhase section */
		C7DED2E9182F468200F953A5 /* Frameworks */ = {
			isa = PBXFrameworksBuildPhase;
			buildActionMask = 2147483647;
			files = (
				C71183921854332700DCAF62 /* SafariServices.framework in Frameworks */,
				C711838A1854175200DCAF62 /* CoreBluetooth.framework in Frameworks */,
				C710315818384ECE00C7CB91 /* CoreImage.framework in Frameworks */,
				C74069761837834E00817BE2 /* AVFoundation.framework in Frameworks */,
				C740694D183755EA00817BE2 /* SpriteKit.framework in Frameworks */,
				C7DED2F2182F468200F953A5 /* CoreGraphics.framework in Frameworks */,
				C7DED2F4182F468200F953A5 /* UIKit.framework in Frameworks */,
				C7DED2F0182F468200F953A5 /* Foundation.framework in Frameworks */,
			);
			runOnlyForDeploymentPostprocessing = 0;
		};
		C7DED30D182F468300F953A5 /* Frameworks */ = {
			isa = PBXFrameworksBuildPhase;
			buildActionMask = 2147483647;
			files = (
				C7DED312182F468300F953A5 /* XCTest.framework in Frameworks */,
				C7DED314182F468300F953A5 /* UIKit.framework in Frameworks */,
				C7DED313182F468300F953A5 /* Foundation.framework in Frameworks */,
			);
			runOnlyForDeploymentPostprocessing = 0;
		};
/* End PBXFrameworksBuildPhase section */

/* Begin PBXGroup section */
		C70A75CC18467FB0005F3680 /* Database */ = {
			isa = PBXGroup;
			children = (
				C70A75CD18467FE4005F3680 /* SaveStructure.xcdatamodeld */,
				C70A0088185684DE0093D8E0 /* LevelTemplate.h */,
				C70A0089185684DE0093D8E0 /* LevelTemplate.m */,
				C70A0085185684DE0093D8E0 /* Color.h */,
				C70A0086185684DE0093D8E0 /* Color.m */,
				C70A0082185684DE0093D8E0 /* Being.h */,
				C70A0083185684DE0093D8E0 /* Being.m */,
				C70A007F185684DE0093D8E0 /* SpatialEntity.h */,
				C70A0080185684DE0093D8E0 /* SpatialEntity.m */,
				C70A007C185684DE0093D8E0 /* LevelInstance.h */,
				C70A007D185684DE0093D8E0 /* LevelInstance.m */,
				C70A0079185684DE0093D8E0 /* PortalTemplate.h */,
				C70A007A185684DE0093D8E0 /* PortalTemplate.m */,
				C70A0076185684DE0093D8E0 /* Player.h */,
				C70A0077185684DE0093D8E0 /* Player.m */,
				C70A0073185684DE0093D8E0 /* PortalInstance.h */,
				C70A0074185684DE0093D8E0 /* PortalInstance.m */,
				C70A0070185684DE0093D8E0 /* Savegame.h */,
				C70A0071185684DE0093D8E0 /* Savegame.m */,
				C70A006D185684DE0093D8E0 /* Item.h */,
				C70A006E185684DE0093D8E0 /* Item.m */,
				C70A006A185684DD0093D8E0 /* Wall.h */,
				C70A006B185684DD0093D8E0 /* Wall.m */,
				C70A00641856766C0093D8E0 /* Color+Create.h */,
				C70A00651856766C0093D8E0 /* Color+Create.m */,
				C70A0046185676580093D8E0 /* Portal.h */,
				C70A0047185676580093D8E0 /* Portal.m */,
				C70A008B185684F80093D8E0 /* PortalInstance+Create.h */,
				C70A008C185684F80093D8E0 /* PortalInstance+Create.m */,
				C70A006718567F870093D8E0 /* Portal+Create.h */,
				C70A006818567F870093D8E0 /* Portal+Create.m */,
				C7B26B8A184FF88500ECB600 /* Item+Create.h */,
				C7B26B8B184FF88500ECB600 /* Item+Create.m */,
				C7FD898A184A7B15008CFA0F /* Savegame+Create.h */,
				C7FD898B184A7B15008CFA0F /* Savegame+Create.m */,
				C7C98DDC1847D13C008C2B0D /* Wall+Create.h */,
				C7C98DDD1847D13C008C2B0D /* Wall+Create.m */,
				C70A75F118469EAB005F3680 /* LevelTemplate+Create.h */,
				C70A75F218469EAB005F3680 /* LevelTemplate+Create.m */,
				C70A75FD1846B2D7005F3680 /* SpatialEntity+Create.h */,
				C70A75FE1846B2D7005F3680 /* SpatialEntity+Create.m */,
				C70A76001846B399005F3680 /* Being+Create.h */,
				C70A76011846B399005F3680 /* Being+Create.m */,
				C70A75FA1846B016005F3680 /* LevelInstance+Create.h */,
				C70A75FB1846B016005F3680 /* LevelInstance+Create.m */,
				C70A76031846B5F5005F3680 /* Player+Create.h */,
				C70A76041846B5F5005F3680 /* Player+Create.m */,
			);
			name = Database;
			sourceTree = "<group>";
		};
		C71183841854027600DCAF62 /* Silly Things */ = {
			isa = PBXGroup;
			children = (
				C71183811854025E00DCAF62 /* SmileyView.h */,
				C71183821854025E00DCAF62 /* SmileyView.m */,
			);
			name = "Silly Things";
			sourceTree = "<group>";
		};
		C74069521837588600817BE2 /* Audio */ = {
			isa = PBXGroup;
			children = (
				C7406955183758A400817BE2 /* Sounds */,
				C74069531837588F00817BE2 /* Music */,
			);
			name = Audio;
			sourceTree = "<group>";
		};
		C74069531837588F00817BE2 /* Music */ = {
			isa = PBXGroup;
			children = (
				C740695A1837598100817BE2 /* djlang59_-_Drops_of_H2O_(_The_Filtered_Water_Treatment_).mp3 */,
				C740695B1837598100817BE2 /* Pitx_-_Chords_For_David.mp3 */,
				C740695C1837598100817BE2 /* gurdonark_-_Restless_Sleep.mp3 */,
				C740695D1837598100817BE2 /* gurdonark_-_Snow_Geese_at_Hagerman_Wildlife_Preserve.mp3 */,
				C740695E1837598100817BE2 /* gurdonark_-_Homework.mp3 */,
				C740695F1837598100817BE2 /* onlymeith_-_Truth_.mp3 */,
				C74069601837598100817BE2 /* flatwound_-_The_Long_Goodbye.mp3 */,
				C74069581837594200817BE2 /* _ghost_-_Reverie_(small_theme).mp3 */,
				C7406956183758E600817BE2 /* _ghost_-_Empty_rooms_(small_theme).mp3 */,
			);
			name = Music;
			sourceTree = "<group>";
		};
		C74069541837589A00817BE2 /* Media */ = {
			isa = PBXGroup;
			children = (
				C74069521837588600817BE2 /* Audio */,
			);
			name = Media;
			sourceTree = "<group>";
		};
		C7406955183758A400817BE2 /* Sounds */ = {
			isa = PBXGroup;
			children = (
			);
			name = Sounds;
			sourceTree = "<group>";
		};
		C740696B18375DDA00817BE2 /* Beings */ = {
			isa = PBXGroup;
			children = (
				C740696C18375E5700817BE2 /* Mote.h */,
				C740696D18375E5700817BE2 /* Mote.m */,
				C740697218376B2100817BE2 /* Drop.h */,
				C740697318376B2100817BE2 /* Drop.m */,
				C70A75F71846A731005F3680 /* BeingNode.h */,
				C70A75F81846A731005F3680 /* BeingNode.m */,
			);
			name = Beings;
			sourceTree = "<group>";
		};
		C76817EA184571CD0069F170 /* Managers */ = {
			isa = PBXGroup;
			children = (
				C759EC14183C7312009A0D60 /* MusicManager.h */,
				C759EC15183C7312009A0D60 /* MusicManager.m */,
				C76817E71845509A0069F170 /* OptionsManager.h */,
				C76817E81845509A0069F170 /* OptionsManager.m */,
				C70A75EB18468F18005F3680 /* DatabaseManager.h */,
				C70A75EC18468F18005F3680 /* DatabaseManager.m */,
			);
			name = Managers;
			sourceTree = "<group>";
		};
		C76817EB184572100069F170 /* ViewControllers */ = {
			isa = PBXGroup;
			children = (
				C710314818382B3200C7CB91 /* PauseMenuVC.h */,
				C710314918382B3200C7CB91 /* PauseMenuVC.m */,
				C740694E183756D900817BE2 /* TitlePageVC.h */,
				C740694F183756D900817BE2 /* TitlePageVC.m */,
				C710314B18382B9400C7CB91 /* GamePageVC.h */,
				C710314C18382B9400C7CB91 /* GamePageVC.m */,
				C710314E1838366500C7CB91 /* CoreDataTableViewController.h */,
				C710314F1838366500C7CB91 /* CoreDataTableViewController.m */,
				C710315118383EBF00C7CB91 /* InventoryCDTVC.h */,
				C710315218383EBF00C7CB91 /* InventoryCDTVC.m */,
				C710315418383EF900C7CB91 /* SaveLoadCDTVC.h */,
				C710315518383EF900C7CB91 /* SaveLoadCDTVC.m */,
				C75E139D1838789A0032048E /* PauseMenuNavigationController.h */,
				C75E139E1838789A0032048E /* PauseMenuNavigationController.m */,
				C75E13A0183879980032048E /* BGImageRecipient.h */,
				C76817E418454E840069F170 /* OptionsTVC.h */,
				C76817E518454E840069F170 /* OptionsTVC.m */,
				C711838E1854321400DCAF62 /* BluetoothPageTVC.h */,
				C711838F1854321400DCAF62 /* BluetoothPageTVC.m */,
				C786FAD8185443200084F21C /* AboutVC.h */,
				C786FAD9185443200084F21C /* AboutVC.m */,
			);
			name = ViewControllers;
			sourceTree = "<group>";
		};
		C76817EC1845721A0069F170 /* Scenes */ = {
			isa = PBXGroup;
			children = (
				C740696818375A3F00817BE2 /* TitlePageScene.h */,
				C740696918375A3F00817BE2 /* TitlePageScene.m */,
				C756E62B183884830015A240 /* GamePageScene.h */,
				C756E62C183884830015A240 /* GamePageScene.m */,
			);
			name = Scenes;
			sourceTree = "<group>";
		};
		C7DED2E3182F468200F953A5 = {
			isa = PBXGroup;
			children = (
				C7DED2F5182F468200F953A5 /* Sheen */,
				C7DED317182F468300F953A5 /* SheenTests */,
				C7DED2EE182F468200F953A5 /* Frameworks */,
				C7DED2ED182F468200F953A5 /* Products */,
			);
			sourceTree = "<group>";
		};
		C7DED2ED182F468200F953A5 /* Products */ = {
			isa = PBXGroup;
			children = (
				C7DED2EC182F468200F953A5 /* Sheen.app */,
				C7DED310182F468300F953A5 /* SheenTests.xctest */,
			);
			name = Products;
			sourceTree = "<group>";
		};
		C7DED2EE182F468200F953A5 /* Frameworks */ = {
			isa = PBXGroup;
			children = (
				C71183911854332700DCAF62 /* SafariServices.framework */,
				C71183891854175200DCAF62 /* CoreBluetooth.framework */,
				C710315718384ECE00C7CB91 /* CoreImage.framework */,
				C74069751837834E00817BE2 /* AVFoundation.framework */,
				C740694C183755EA00817BE2 /* SpriteKit.framework */,
				C7DED2EF182F468200F953A5 /* Foundation.framework */,
				C7DED2F1182F468200F953A5 /* CoreGraphics.framework */,
				C7DED2F3182F468200F953A5 /* UIKit.framework */,
				C7DED311182F468300F953A5 /* XCTest.framework */,
			);
			name = Frameworks;
			sourceTree = "<group>";
		};
		C7DED2F5182F468200F953A5 /* Sheen */ = {
			isa = PBXGroup;
			children = (
				C7DED2FE182F468200F953A5 /* SheenAppDelegate.h */,
				C7DED2FF182F468200F953A5 /* SheenAppDelegate.m */,
				C7DED301182F468200F953A5 /* Main_iPhone.storyboard */,
				C7DED304182F468200F953A5 /* Main_iPad.storyboard */,
				C7DED30A182F468200F953A5 /* Images.xcassets */,
				C76817EC1845721A0069F170 /* Scenes */,
				C76817EB184572100069F170 /* ViewControllers */,
				C740696B18375DDA00817BE2 /* Beings */,
				C74069541837589A00817BE2 /* Media */,
				C76817EA184571CD0069F170 /* Managers */,
				C70A75CC18467FB0005F3680 /* Database */,
				C71183841854027600DCAF62 /* Silly Things */,
				C7DED2F6182F468200F953A5 /* Supporting Files */,
			);
			path = Sheen;
			sourceTree = "<group>";
		};
		C7DED2F6182F468200F953A5 /* Supporting Files */ = {
			isa = PBXGroup;
			children = (
				C794E895183B5E2E00019BF2 /* Debugging.h */,
				C794E896183B5E2E00019BF2 /* Debugging.m */,
				C7DED2F7182F468200F953A5 /* Sheen-Info.plist */,
				C7DED2F8182F468200F953A5 /* InfoPlist.strings */,
				C7DED2FB182F468200F953A5 /* main.m */,
				C7DED2FD182F468200F953A5 /* Sheen-Prefix.pch */,
				C740696F1837665100817BE2 /* MathUtils.h */,
				C74069701837665100817BE2 /* MathUtils.m */,
			);
			name = "Supporting Files";
			sourceTree = "<group>";
		};
		C7DED317182F468300F953A5 /* SheenTests */ = {
			isa = PBXGroup;
			children = (
				C7DED31D182F468300F953A5 /* SheenTests.m */,
				C7DED318182F468300F953A5 /* Supporting Files */,
			);
			path = SheenTests;
			sourceTree = "<group>";
		};
		C7DED318182F468300F953A5 /* Supporting Files */ = {
			isa = PBXGroup;
			children = (
				C7DED319182F468300F953A5 /* SheenTests-Info.plist */,
				C7DED31A182F468300F953A5 /* InfoPlist.strings */,
			);
			name = "Supporting Files";
			sourceTree = "<group>";
		};
/* End PBXGroup section */

/* Begin PBXNativeTarget section */
		C7DED2EB182F468200F953A5 /* Sheen */ = {
			isa = PBXNativeTarget;
			buildConfigurationList = C7DED321182F468300F953A5 /* Build configuration list for PBXNativeTarget "Sheen" */;
			buildPhases = (
				C7DED2E8182F468200F953A5 /* Sources */,
				C7DED2E9182F468200F953A5 /* Frameworks */,
				C7DED2EA182F468200F953A5 /* Resources */,
			);
			buildRules = (
			);
			dependencies = (
			);
			name = Sheen;
			productName = Sheen;
			productReference = C7DED2EC182F468200F953A5 /* Sheen.app */;
			productType = "com.apple.product-type.application";
		};
		C7DED30F182F468300F953A5 /* SheenTests */ = {
			isa = PBXNativeTarget;
			buildConfigurationList = C7DED324182F468300F953A5 /* Build configuration list for PBXNativeTarget "SheenTests" */;
			buildPhases = (
				C7DED30C182F468300F953A5 /* Sources */,
				C7DED30D182F468300F953A5 /* Frameworks */,
				C7DED30E182F468300F953A5 /* Resources */,
			);
			buildRules = (
			);
			dependencies = (
				C7DED316182F468300F953A5 /* PBXTargetDependency */,
			);
			name = SheenTests;
			productName = SheenTests;
			productReference = C7DED310182F468300F953A5 /* SheenTests.xctest */;
			productType = "com.apple.product-type.bundle.unit-test";
		};
/* End PBXNativeTarget section */

/* Begin PBXProject section */
		C7DED2E4182F468200F953A5 /* Project object */ = {
			isa = PBXProject;
			attributes = {
				CLASSPREFIX = Sheen;
				LastUpgradeCheck = 0500;
				ORGANIZATIONNAME = "CS193P - Matthew Ewer";
				TargetAttributes = {
					C7DED30F182F468300F953A5 = {
						TestTargetID = C7DED2EB182F468200F953A5;
					};
				};
			};
			buildConfigurationList = C7DED2E7182F468200F953A5 /* Build configuration list for PBXProject "Sheen" */;
			compatibilityVersion = "Xcode 3.2";
			developmentRegion = English;
			hasScannedForEncodings = 0;
			knownRegions = (
				en,
				Base,
			);
			mainGroup = C7DED2E3182F468200F953A5;
			productRefGroup = C7DED2ED182F468200F953A5 /* Products */;
			projectDirPath = "";
			projectRoot = "";
			targets = (
				C7DED2EB182F468200F953A5 /* Sheen */,
				C7DED30F182F468300F953A5 /* SheenTests */,
			);
		};
/* End PBXProject section */

/* Begin PBXResourcesBuildPhase section */
		C7DED2EA182F468200F953A5 /* Resources */ = {
			isa = PBXResourcesBuildPhase;
			buildActionMask = 2147483647;
			files = (
				C74069651837598100817BE2 /* gurdonark_-_Homework.mp3 in Resources */,
				C7DED306182F468200F953A5 /* Main_iPad.storyboard in Resources */,
				C74069661837598100817BE2 /* onlymeith_-_Truth_.mp3 in Resources */,
				C74069621837598100817BE2 /* Pitx_-_Chords_For_David.mp3 in Resources */,
				C7406957183758E600817BE2 /* _ghost_-_Empty_rooms_(small_theme).mp3 in Resources */,
				C74069671837598100817BE2 /* flatwound_-_The_Long_Goodbye.mp3 in Resources */,
				C74069591837594200817BE2 /* _ghost_-_Reverie_(small_theme).mp3 in Resources */,
				C7DED30B182F468200F953A5 /* Images.xcassets in Resources */,
				C7DED303182F468200F953A5 /* Main_iPhone.storyboard in Resources */,
				C7DED2FA182F468200F953A5 /* InfoPlist.strings in Resources */,
				C74069631837598100817BE2 /* gurdonark_-_Restless_Sleep.mp3 in Resources */,
				C74069611837598100817BE2 /* djlang59_-_Drops_of_H2O_(_The_Filtered_Water_Treatment_).mp3 in Resources */,
				C74069641837598100817BE2 /* gurdonark_-_Snow_Geese_at_Hagerman_Wildlife_Preserve.mp3 in Resources */,
			);
			runOnlyForDeploymentPostprocessing = 0;
		};
		C7DED30E182F468300F953A5 /* Resources */ = {
			isa = PBXResourcesBuildPhase;
			buildActionMask = 2147483647;
			files = (
				C7DED31C182F468300F953A5 /* InfoPlist.strings in Resources */,
			);
			runOnlyForDeploymentPostprocessing = 0;
		};
/* End PBXResourcesBuildPhase section */

/* Begin PBXSourcesBuildPhase section */
		C7DED2E8182F468200F953A5 /* Sources */ = {
			isa = PBXSourcesBuildPhase;
			buildActionMask = 2147483647;
			files = (
				C7FD898C184A7B15008CFA0F /* Savegame+Create.m in Sources */,
				C70A75F318469EAB005F3680 /* LevelTemplate+Create.m in Sources */,
				C710315318383EBF00C7CB91 /* InventoryCDTVC.m in Sources */,
				C71183901854321400DCAF62 /* BluetoothPageTVC.m in Sources */,
				C7C98DDE1847D13C008C2B0D /* Wall+Create.m in Sources */,
				C794E897183B5E2E00019BF2 /* Debugging.m in Sources */,
				C70A75CF18467FE4005F3680 /* SaveStructure.xcdatamodeld in Sources */,
				C740696E18375E5700817BE2 /* Mote.m in Sources */,
				C740696A18375A3F00817BE2 /* TitlePageScene.m in Sources */,
				C70A75ED18468F18005F3680 /* DatabaseManager.m in Sources */,
				C786FADA185443200084F21C /* AboutVC.m in Sources */,
				C76817E91845509A0069F170 /* OptionsManager.m in Sources */,
				C70A76021846B399005F3680 /* Being+Create.m in Sources */,
				C70A00661856766C0093D8E0 /* Color+Create.m in Sources */,
				C7406950183756D900817BE2 /* TitlePageVC.m in Sources */,
				C70A75FC1846B016005F3680 /* LevelInstance+Create.m in Sources */,
				C70A0048185676580093D8E0 /* Portal.m in Sources */,
				C71183831854025E00DCAF62 /* SmileyView.m in Sources */,
				C70A008D185684F80093D8E0 /* PortalInstance+Create.m in Sources */,
				C70A0075185684DE0093D8E0 /* PortalInstance.m in Sources */,
				C759EC16183C7312009A0D60 /* MusicManager.m in Sources */,
				C7DED300182F468200F953A5 /* SheenAppDelegate.m in Sources */,
				C70A0072185684DE0093D8E0 /* Savegame.m in Sources */,
				C76817E618454E840069F170 /* OptionsTVC.m in Sources */,
				C70A006C185684DD0093D8E0 /* Wall.m in Sources */,
				C75E139F1838789A0032048E /* PauseMenuNavigationController.m in Sources */,
				C70A0087185684DE0093D8E0 /* Color.m in Sources */,
				C710315618383EF900C7CB91 /* SaveLoadCDTVC.m in Sources */,
				C71031501838366500C7CB91 /* CoreDataTableViewController.m in Sources */,
				C70A007B185684DE0093D8E0 /* PortalTemplate.m in Sources */,
				C70A0084185684DE0093D8E0 /* Being.m in Sources */,
				C7B26B8C184FF88500ECB600 /* Item+Create.m in Sources */,
				C710314A18382B3200C7CB91 /* PauseMenuVC.m in Sources */,
				C70A008A185684DE0093D8E0 /* LevelTemplate.m in Sources */,
				C7DED2FC182F468200F953A5 /* main.m in Sources */,
				C70A0078185684DE0093D8E0 /* Player.m in Sources */,
				C74069711837665100817BE2 /* MathUtils.m in Sources */,
				C70A006918567F870093D8E0 /* Portal+Create.m in Sources */,
				C70A007E185684DE0093D8E0 /* LevelInstance.m in Sources */,
				C70A76051846B5F5005F3680 /* Player+Create.m in Sources */,
				C710314D18382B9400C7CB91 /* GamePageVC.m in Sources */,
				C70A0081185684DE0093D8E0 /* SpatialEntity.m in Sources */,
				C70A75FF1846B2D7005F3680 /* SpatialEntity+Create.m in Sources */,
				C70A75F91846A731005F3680 /* BeingNode.m in Sources */,
				C740697418376B2100817BE2 /* Drop.m in Sources */,
				C70A006F185684DE0093D8E0 /* Item.m in Sources */,
				C756E62D183884830015A240 /* GamePageScene.m in Sources */,
			);
			runOnlyForDeploymentPostprocessing = 0;
		};
		C7DED30C182F468300F953A5 /* Sources */ = {
			isa = PBXSourcesBuildPhase;
			buildActionMask = 2147483647;
			files = (
				C7DED31E182F468300F953A5 /* SheenTests.m in Sources */,
			);
			runOnlyForDeploymentPostprocessing = 0;
		};
/* End PBXSourcesBuildPhase section */

/* Begin PBXTargetDependency section */
		C7DED316182F468300F953A5 /* PBXTargetDependency */ = {
			isa = PBXTargetDependency;
			target = C7DED2EB182F468200F953A5 /* Sheen */;
			targetProxy = C7DED315182F468300F953A5 /* PBXContainerItemProxy */;
		};
/* End PBXTargetDependency section */

/* Begin PBXVariantGroup section */
		C7DED2F8182F468200F953A5 /* InfoPlist.strings */ = {
			isa = PBXVariantGroup;
			children = (
				C7DED2F9182F468200F953A5 /* en */,
			);
			name = InfoPlist.strings;
			sourceTree = "<group>";
		};
		C7DED301182F468200F953A5 /* Main_iPhone.storyboard */ = {
			isa = PBXVariantGroup;
			children = (
				C7DED302182F468200F953A5 /* Base */,
			);
			name = Main_iPhone.storyboard;
			sourceTree = "<group>";
		};
		C7DED304182F468200F953A5 /* Main_iPad.storyboard */ = {
			isa = PBXVariantGroup;
			children = (
				C7DED305182F468200F953A5 /* Base */,
			);
			name = Main_iPad.storyboard;
			sourceTree = "<group>";
		};
		C7DED31A182F468300F953A5 /* InfoPlist.strings */ = {
			isa = PBXVariantGroup;
			children = (
				C7DED31B182F468300F953A5 /* en */,
			);
			name = InfoPlist.strings;
			sourceTree = "<group>";
		};
/* End PBXVariantGroup section */

/* Begin XCBuildConfiguration section */
		C7DED31F182F468300F953A5 /* Debug */ = {
			isa = XCBuildConfiguration;
			buildSettings = {
				ALWAYS_SEARCH_USER_PATHS = NO;
				ARCHS = "$(ARCHS_STANDARD_INCLUDING_64_BIT)";
				CLANG_CXX_LANGUAGE_STANDARD = "gnu++0x";
				CLANG_CXX_LIBRARY = "libc++";
				CLANG_ENABLE_MODULES = YES;
				CLANG_ENABLE_OBJC_ARC = YES;
				CLANG_WARN_BOOL_CONVERSION = YES;
				CLANG_WARN_CONSTANT_CONVERSION = YES;
				CLANG_WARN_DIRECT_OBJC_ISA_USAGE = YES_ERROR;
				CLANG_WARN_EMPTY_BODY = YES;
				CLANG_WARN_ENUM_CONVERSION = YES;
				CLANG_WARN_INT_CONVERSION = YES;
				CLANG_WARN_OBJC_ROOT_CLASS = YES_ERROR;
				CLANG_WARN__DUPLICATE_METHOD_MATCH = YES;
				"CODE_SIGN_IDENTITY[sdk=iphoneos*]" = "iPhone Developer";
				COPY_PHASE_STRIP = NO;
				GCC_C_LANGUAGE_STANDARD = gnu99;
				GCC_DYNAMIC_NO_PIC = NO;
				GCC_OPTIMIZATION_LEVEL = 0;
				GCC_PREPROCESSOR_DEFINITIONS = (
					"DEBUG=1",
					"$(inherited)",
				);
				GCC_SYMBOLS_PRIVATE_EXTERN = NO;
				GCC_WARN_64_TO_32_BIT_CONVERSION = YES;
				GCC_WARN_ABOUT_RETURN_TYPE = YES_ERROR;
				GCC_WARN_UNDECLARED_SELECTOR = YES;
				GCC_WARN_UNINITIALIZED_AUTOS = YES;
				GCC_WARN_UNUSED_FUNCTION = YES;
				GCC_WARN_UNUSED_VARIABLE = YES;
				IPHONEOS_DEPLOYMENT_TARGET = 7.0;
				ONLY_ACTIVE_ARCH = YES;
				SDKROOT = iphoneos;
				TARGETED_DEVICE_FAMILY = "1,2";
			};
			name = Debug;
		};
		C7DED320182F468300F953A5 /* Release */ = {
			isa = XCBuildConfiguration;
			buildSettings = {
				ALWAYS_SEARCH_USER_PATHS = NO;
				ARCHS = "$(ARCHS_STANDARD_INCLUDING_64_BIT)";
				CLANG_CXX_LANGUAGE_STANDARD = "gnu++0x";
				CLANG_CXX_LIBRARY = "libc++";
				CLANG_ENABLE_MODULES = YES;
				CLANG_ENABLE_OBJC_ARC = YES;
				CLANG_WARN_BOOL_CONVERSION = YES;
				CLANG_WARN_CONSTANT_CONVERSION = YES;
				CLANG_WARN_DIRECT_OBJC_ISA_USAGE = YES_ERROR;
				CLANG_WARN_EMPTY_BODY = YES;
				CLANG_WARN_ENUM_CONVERSION = YES;
				CLANG_WARN_INT_CONVERSION = YES;
				CLANG_WARN_OBJC_ROOT_CLASS = YES_ERROR;
				CLANG_WARN__DUPLICATE_METHOD_MATCH = YES;
				"CODE_SIGN_IDENTITY[sdk=iphoneos*]" = "iPhone Developer";
				COPY_PHASE_STRIP = YES;
				ENABLE_NS_ASSERTIONS = NO;
				GCC_C_LANGUAGE_STANDARD = gnu99;
				GCC_WARN_64_TO_32_BIT_CONVERSION = YES;
				GCC_WARN_ABOUT_RETURN_TYPE = YES_ERROR;
				GCC_WARN_UNDECLARED_SELECTOR = YES;
				GCC_WARN_UNINITIALIZED_AUTOS = YES;
				GCC_WARN_UNUSED_FUNCTION = YES;
				GCC_WARN_UNUSED_VARIABLE = YES;
				IPHONEOS_DEPLOYMENT_TARGET = 7.0;
				SDKROOT = iphoneos;
				TARGETED_DEVICE_FAMILY = "1,2";
				VALIDATE_PRODUCT = YES;
			};
			name = Release;
		};
		C7DED322182F468300F953A5 /* Debug */ = {
			isa = XCBuildConfiguration;
			buildSettings = {
				ASSETCATALOG_COMPILER_APPICON_NAME = AppIcon;
				ASSETCATALOG_COMPILER_LAUNCHIMAGE_NAME = LaunchImage;
				CODE_SIGN_IDENTITY = "iPhone Developer";
				GCC_PRECOMPILE_PREFIX_HEADER = YES;
				GCC_PREFIX_HEADER = "Sheen/Sheen-Prefix.pch";
				INFOPLIST_FILE = "Sheen/Sheen-Info.plist";
				PRODUCT_NAME = "$(TARGET_NAME)";
				WRAPPER_EXTENSION = app;
			};
			name = Debug;
		};
		C7DED323182F468300F953A5 /* Release */ = {
			isa = XCBuildConfiguration;
			buildSettings = {
				ASSETCATALOG_COMPILER_APPICON_NAME = AppIcon;
				ASSETCATALOG_COMPILER_LAUNCHIMAGE_NAME = LaunchImage;
				CODE_SIGN_IDENTITY = "iPhone Developer";
				GCC_PRECOMPILE_PREFIX_HEADER = YES;
				GCC_PREFIX_HEADER = "Sheen/Sheen-Prefix.pch";
				INFOPLIST_FILE = "Sheen/Sheen-Info.plist";
				PRODUCT_NAME = "$(TARGET_NAME)";
				WRAPPER_EXTENSION = app;
			};
			name = Release;
		};
		C7DED325182F468300F953A5 /* Debug */ = {
			isa = XCBuildConfiguration;
			buildSettings = {
				ARCHS = "$(ARCHS_STANDARD_INCLUDING_64_BIT)";
				BUNDLE_LOADER = "$(BUILT_PRODUCTS_DIR)/Sheen.app/Sheen";
				FRAMEWORK_SEARCH_PATHS = (
					"$(SDKROOT)/Developer/Library/Frameworks",
					"$(inherited)",
					"$(DEVELOPER_FRAMEWORKS_DIR)",
				);
				GCC_PRECOMPILE_PREFIX_HEADER = YES;
				GCC_PREFIX_HEADER = "Sheen/Sheen-Prefix.pch";
				GCC_PREPROCESSOR_DEFINITIONS = (
					"DEBUG=1",
					"$(inherited)",
				);
				INFOPLIST_FILE = "SheenTests/SheenTests-Info.plist";
				PRODUCT_NAME = "$(TARGET_NAME)";
				TEST_HOST = "$(BUNDLE_LOADER)";
				WRAPPER_EXTENSION = xctest;
			};
			name = Debug;
		};
		C7DED326182F468300F953A5 /* Release */ = {
			isa = XCBuildConfiguration;
			buildSettings = {
				ARCHS = "$(ARCHS_STANDARD_INCLUDING_64_BIT)";
				BUNDLE_LOADER = "$(BUILT_PRODUCTS_DIR)/Sheen.app/Sheen";
				FRAMEWORK_SEARCH_PATHS = (
					"$(SDKROOT)/Developer/Library/Frameworks",
					"$(inherited)",
					"$(DEVELOPER_FRAMEWORKS_DIR)",
				);
				GCC_PRECOMPILE_PREFIX_HEADER = YES;
				GCC_PREFIX_HEADER = "Sheen/Sheen-Prefix.pch";
				INFOPLIST_FILE = "SheenTests/SheenTests-Info.plist";
				PRODUCT_NAME = "$(TARGET_NAME)";
				TEST_HOST = "$(BUNDLE_LOADER)";
				WRAPPER_EXTENSION = xctest;
			};
			name = Release;
		};
/* End XCBuildConfiguration section */

/* Begin XCConfigurationList section */
		C7DED2E7182F468200F953A5 /* Build configuration list for PBXProject "Sheen" */ = {
			isa = XCConfigurationList;
			buildConfigurations = (
				C7DED31F182F468300F953A5 /* Debug */,
				C7DED320182F468300F953A5 /* Release */,
			);
			defaultConfigurationIsVisible = 0;
			defaultConfigurationName = Release;
		};
		C7DED321182F468300F953A5 /* Build configuration list for PBXNativeTarget "Sheen" */ = {
			isa = XCConfigurationList;
			buildConfigurations = (
				C7DED322182F468300F953A5 /* Debug */,
				C7DED323182F468300F953A5 /* Release */,
			);
			defaultConfigurationIsVisible = 0;
			defaultConfigurationName = Release;
		};
		C7DED324182F468300F953A5 /* Build configuration list for PBXNativeTarget "SheenTests" */ = {
			isa = XCConfigurationList;
			buildConfigurations = (
				C7DED325182F468300F953A5 /* Debug */,
				C7DED326182F468300F953A5 /* Release */,
			);
			defaultConfigurationIsVisible = 0;
			defaultConfigurationName = Release;
		};
/* End XCConfigurationList section */

/* Begin XCVersionGroup section */
		C70A75CD18467FE4005F3680 /* SaveStructure.xcdatamodeld */ = {
			isa = XCVersionGroup;
			children = (
				C70A75CE18467FE4005F3680 /* SaveStructure.xcdatamodel */,
			);
			currentVersion = C70A75CE18467FE4005F3680 /* SaveStructure.xcdatamodel */;
			path = SaveStructure.xcdatamodeld;
			sourceTree = "<group>";
			versionGroupType = wrapper.xcdatamodel;
		};
/* End XCVersionGroup section */
	};
	rootObject = C7DED2E4182F468200F953A5 /* Project object */;
}
